
Microsoft Visual Studio Solution File, Format Version 12.00
# Visual Studio Version 16
VisualStudioVersion = 16.0.30204.135
MinimumVisualStudioVersion = 10.0.40219.1
Project("{FAE04EC0-301F-11D3-BF4B-00C04F79EFBC}") = "Menor de Tres", "Menor de Tres\Menor de Tres.csproj", "{69267965-5D80-4A1C-860C-A7AD475FB7AB}"
EndProject
Global
	GlobalSection(SolutionConfigurationPlatforms) = preSolution
		Debug|Any CPU = Debug|Any CPU
		Release|Any CPU = Release|Any CPU
	EndGlobalSection
	GlobalSection(ProjectConfigurationPlatforms) = postSolution
		{69267965-5D80-4A1C-860C-A7AD475FB7AB}.Debug|Any CPU.ActiveCfg = Debug|Any CPU
		{69267965-5D80-4A1C-860C-A7AD475FB7AB}.Debug|Any CPU.Build.0 = Debug|Any CPU
		{69267965-5D80-4A1C-860C-A7AD475FB7AB}.Release|Any CPU.ActiveCfg = Release|Any CPU
		{69267965-5D80-4A1C-860C-A7AD475FB7AB}.Release|Any CPU.Build.0 = Release|Any CPU
	EndGlobalSection
	GlobalSection(SolutionProperties) = preSolution
		HideSolutionNode = FALSE
	EndGlobalSection
	GlobalSection(ExtensibilityGlobals) = postSolution
		SolutionGuid = {69386F11-0F20-4CA9-BB60-5F471E412D6C}
	EndGlobalSection
EndGlobal
