
Microsoft Visual Studio Solution File, Format Version 12.00
# Visual Studio Version 16
VisualStudioVersion = 16.0.30204.135
MinimumVisualStudioVersion = 10.0.40219.1
Project("{FAE04EC0-301F-11D3-BF4B-00C04F79EFBC}") = "Probelma Retangulo", "Probelma Retangulo\Probelma Retangulo.csproj", "{5FAA668E-7279-4E5D-8A97-B3FFE30C1585}"
EndProject
Global
	GlobalSection(SolutionConfigurationPlatforms) = preSolution
		Debug|Any CPU = Debug|Any CPU
		Release|Any CPU = Release|Any CPU
	EndGlobalSection
	GlobalSection(ProjectConfigurationPlatforms) = postSolution
		{5FAA668E-7279-4E5D-8A97-B3FFE30C1585}.Debug|Any CPU.ActiveCfg = Debug|Any CPU
		{5FAA668E-7279-4E5D-8A97-B3FFE30C1585}.Debug|Any CPU.Build.0 = Debug|Any CPU
		{5FAA668E-7279-4E5D-8A97-B3FFE30C1585}.Release|Any CPU.ActiveCfg = Release|Any CPU
		{5FAA668E-7279-4E5D-8A97-B3FFE30C1585}.Release|Any CPU.Build.0 = Release|Any CPU
	EndGlobalSection
	GlobalSection(SolutionProperties) = preSolution
		HideSolutionNode = FALSE
	EndGlobalSection
	GlobalSection(ExtensibilityGlobals) = postSolution
		SolutionGuid = {3F2B8815-15D7-4466-A249-F10537A08126}
	EndGlobalSection
EndGlobal
